<?xml version="1.0" encoding="UTF-8"?>
<!DOCTYPE plist PUBLIC "-//Apple//DTD PLIST 1.0//EN" "http://www.apple.com/DTDs/PropertyList-1.0.dtd">
<plist version="1.0">
<dict>
	<key>archiveVersion</key>
	<string>1</string>
	<key>classes</key>
	<dict/>
	<key>objectVersion</key>
	<string>46</string>
	<key>objects</key>
	<dict>
		<key>11B13F5F886FC2B3569B59B6</key>
		<dict>
			<key>children</key>
			<array>
				<string>3CC31B55CD08C532E95CFE9D</string>
			</array>
			<key>isa</key>
			<string>PBXGroup</string>
			<key>name</key>
			<string>Frameworks</string>
			<key>sourceTree</key>
			<string>&lt;group&gt;</string>
		</dict>
		<key>209E7F4DB85255A42C49F9AC</key>
		<dict>
			<key>buildActionMask</key>
			<string>2147483647</string>
			<key>files</key>
			<array/>
			<key>inputPaths</key>
			<array/>
			<key>isa</key>
			<string>PBXShellScriptBuildPhase</string>
			<key>name</key>
			<string>Embed Pods Frameworks</string>
			<key>outputPaths</key>
			<array/>
			<key>runOnlyForDeploymentPostprocessing</key>
			<string>0</string>
			<key>shellPath</key>
			<string>/bin/sh</string>
			<key>shellScript</key>
			<string>"${SRCROOT}/Pods/Target Support Files/Pods/Pods-frameworks.sh"
</string>
			<key>showEnvVarsInLog</key>
			<string>0</string>
		</dict>
		<key>259350FB1BC638F5004C18D7</key>
		<dict>
			<key>fileEncoding</key>
			<string>4</string>
			<key>isa</key>
			<string>PBXFileReference</string>
			<key>lastKnownFileType</key>
			<string>sourcecode.c.h</string>
			<key>path</key>
			<string>ZFNetRequest.h</string>
			<key>sourceTree</key>
			<string>&lt;group&gt;</string>
		</dict>
		<key>259350FC1BC638F5004C18D7</key>
		<dict>
			<key>fileEncoding</key>
			<string>4</string>
			<key>isa</key>
			<string>PBXFileReference</string>
			<key>lastKnownFileType</key>
			<string>sourcecode.c.objc</string>
			<key>path</key>
			<string>ZFNetRequest.m</string>
			<key>sourceTree</key>
			<string>&lt;group&gt;</string>
		</dict>
		<key>259350FD1BC638F5004C18D7</key>
		<dict>
			<key>fileRef</key>
			<string>259350FC1BC638F5004C18D7</string>
			<key>isa</key>
			<string>PBXBuildFile</string>
		</dict>
		<key>25CA3CE11CAFD63F0037C09D</key>
		<dict>
			<key>children</key>
			<array>
				<string>25CA3CE21CAFD63F0037C09D</string>
				<string>25CA3CE31CAFD63F0037C09D</string>
			</array>
			<key>isa</key>
			<string>PBXGroup</string>
			<key>path</key>
			<string>AFDownloadRequestOperation</string>
			<key>sourceTree</key>
			<string>&lt;group&gt;</string>
		</dict>
		<key>25CA3CE21CAFD63F0037C09D</key>
		<dict>
			<key>fileEncoding</key>
			<string>4</string>
			<key>isa</key>
			<string>PBXFileReference</string>
			<key>lastKnownFileType</key>
			<string>sourcecode.c.h</string>
			<key>path</key>
			<string>AFDownloadRequestOperation.h</string>
			<key>sourceTree</key>
			<string>&lt;group&gt;</string>
		</dict>
		<key>25CA3CE31CAFD63F0037C09D</key>
		<dict>
			<key>fileEncoding</key>
			<string>4</string>
			<key>isa</key>
			<string>PBXFileReference</string>
			<key>lastKnownFileType</key>
			<string>sourcecode.c.objc</string>
			<key>path</key>
			<string>AFDownloadRequestOperation.m</string>
			<key>sourceTree</key>
			<string>&lt;group&gt;</string>
		</dict>
		<key>25CA3CE61CAFD63F0037C09D</key>
		<dict>
			<key>fileRef</key>
			<string>25CA3CE31CAFD63F0037C09D</string>
			<key>isa</key>
			<string>PBXBuildFile</string>
		</dict>
		<key>25E1F2E31BB91B6D00EAB928</key>
		<dict>
			<key>fileEncoding</key>
			<string>4</string>
			<key>isa</key>
			<string>PBXFileReference</string>
			<key>lastKnownFileType</key>
			<string>sourcecode.c.h</string>
			<key>path</key>
			<string>ZFNetReuqestModel.h</string>
			<key>sourceTree</key>
			<string>&lt;group&gt;</string>
		</dict>
		<key>25E1F2E41BB91B6D00EAB928</key>
		<dict>
			<key>fileEncoding</key>
			<string>4</string>
			<key>isa</key>
			<string>PBXFileReference</string>
			<key>lastKnownFileType</key>
			<string>sourcecode.c.objc</string>
			<key>path</key>
			<string>ZFNetReuqestModel.m</string>
			<key>sourceTree</key>
			<string>&lt;group&gt;</string>
		</dict>
		<key>25E1F2E51BB91B6D00EAB928</key>
		<dict>
			<key>fileRef</key>
			<string>25E1F2E41BB91B6D00EAB928</string>
			<key>isa</key>
			<string>PBXBuildFile</string>
		</dict>
		<key>25E1F2E61BB91E0800EAB928</key>
		<dict>
			<key>fileEncoding</key>
			<string>4</string>
			<key>isa</key>
			<string>PBXFileReference</string>
			<key>lastKnownFileType</key>
			<string>sourcecode.c.h</string>
			<key>path</key>
			<string>ZFCurrentUser.h</string>
			<key>sourceTree</key>
			<string>&lt;group&gt;</string>
		</dict>
		<key>25E1F2E71BB91E0800EAB928</key>
		<dict>
			<key>fileEncoding</key>
			<string>4</string>
			<key>isa</key>
			<string>PBXFileReference</string>
			<key>lastKnownFileType</key>
			<string>sourcecode.c.objc</string>
			<key>path</key>
			<string>ZFCurrentUser.m</string>
			<key>sourceTree</key>
			<string>&lt;group&gt;</string>
		</dict>
		<key>25E1F2E81BB91E0800EAB928</key>
		<dict>
			<key>fileRef</key>
			<string>25E1F2E71BB91E0800EAB928</string>
			<key>isa</key>
			<string>PBXBuildFile</string>
		</dict>
		<key>25E83E761BB5614B009BB57B</key>
		<dict>
			<key>children</key>
			<array>
				<string>25E83EB51BB56291009BB57B</string>
				<string>25E83E811BB5614B009BB57B</string>
				<string>25E83E9B1BB5614B009BB57B</string>
				<string>25E83EA61BB5614B009BB57B</string>
				<string>25E83E801BB5614B009BB57B</string>
				<string>EA03751472557A38D24ACC3F</string>
				<string>11B13F5F886FC2B3569B59B6</string>
			</array>
			<key>isa</key>
			<string>PBXGroup</string>
			<key>sourceTree</key>
			<string>&lt;group&gt;</string>
		</dict>
		<key>25E83E771BB5614B009BB57B</key>
		<dict>
			<key>attributes</key>
			<dict>
				<key>LastUpgradeCheck</key>
				<string>0700</string>
				<key>ORGANIZATIONNAME</key>
				<string>feng</string>
				<key>TargetAttributes</key>
				<dict>
					<key>25E83E7E1BB5614B009BB57B</key>
					<dict>
						<key>CreatedOnToolsVersion</key>
						<string>7.0</string>
					</dict>
					<key>25E83E971BB5614B009BB57B</key>
					<dict>
						<key>CreatedOnToolsVersion</key>
						<string>7.0</string>
						<key>TestTargetID</key>
						<string>25E83E7E1BB5614B009BB57B</string>
					</dict>
					<key>25E83EA21BB5614B009BB57B</key>
					<dict>
						<key>CreatedOnToolsVersion</key>
						<string>7.0</string>
						<key>TestTargetID</key>
						<string>25E83E7E1BB5614B009BB57B</string>
					</dict>
				</dict>
			</dict>
			<key>buildConfigurationList</key>
			<string>25E83E7A1BB5614B009BB57B</string>
			<key>compatibilityVersion</key>
			<string>Xcode 3.2</string>
			<key>developmentRegion</key>
			<string>English</string>
			<key>hasScannedForEncodings</key>
			<string>0</string>
			<key>isa</key>
			<string>PBXProject</string>
			<key>knownRegions</key>
			<array>
				<string>en</string>
				<string>Base</string>
			</array>
			<key>mainGroup</key>
			<string>25E83E761BB5614B009BB57B</string>
			<key>productRefGroup</key>
			<string>25E83E801BB5614B009BB57B</string>
			<key>projectDirPath</key>
			<string></string>
			<key>projectReferences</key>
			<array/>
			<key>projectRoot</key>
			<string></string>
			<key>targets</key>
			<array>
				<string>25E83E7E1BB5614B009BB57B</string>
				<string>25E83E971BB5614B009BB57B</string>
				<string>25E83EA21BB5614B009BB57B</string>
			</array>
		</dict>
		<key>25E83E7A1BB5614B009BB57B</key>
		<dict>
			<key>buildConfigurations</key>
			<array>
				<string>25E83EAA1BB5614B009BB57B</string>
				<string>25E83EAB1BB5614B009BB57B</string>
			</array>
			<key>defaultConfigurationIsVisible</key>
			<string>0</string>
			<key>defaultConfigurationName</key>
			<string>Release</string>
			<key>isa</key>
			<string>XCConfigurationList</string>
		</dict>
		<key>25E83E7B1BB5614B009BB57B</key>
		<dict>
			<key>buildActionMask</key>
			<string>2147483647</string>
			<key>files</key>
			<array>
				<string>25CA3CE61CAFD63F0037C09D</string>
				<string>25E83ECA1BB56291009BB57B</string>
				<string>25E1F2E51BB91B6D00EAB928</string>
				<string>25E83ED11BB56291009BB57B</string>
				<string>25E83ECB1BB56291009BB57B</string>
				<string>25E83E8A1BB5614B009BB57B</string>
				<string>25E83E871BB5614B009BB57B</string>
				<string>25E1F2E81BB91E0800EAB928</string>
				<string>25E83ECD1BB56291009BB57B</string>
				<string>259350FD1BC638F5004C18D7</string>
				<string>25E83ECE1BB56291009BB57B</string>
				<string>25E83ED21BB56291009BB57B</string>
				<string>25E83ED31BB56291009BB57B</string>
				<string>25E83ECC1BB56291009BB57B</string>
				<string>25E83E841BB5614B009BB57B</string>
				<string>25E83ED01BB56291009BB57B</string>
			</array>
			<key>isa</key>
			<string>PBXSourcesBuildPhase</string>
			<key>runOnlyForDeploymentPostprocessing</key>
			<string>0</string>
		</dict>
		<key>25E83E7C1BB5614B009BB57B</key>
		<dict>
			<key>buildActionMask</key>
			<string>2147483647</string>
			<key>files</key>
			<array>
				<string>3DF0DAF5737222E545503066</string>
			</array>
			<key>isa</key>
			<string>PBXFrameworksBuildPhase</string>
			<key>runOnlyForDeploymentPostprocessing</key>
			<string>0</string>
		</dict>
		<key>25E83E7D1BB5614B009BB57B</key>
		<dict>
			<key>buildActionMask</key>
			<string>2147483647</string>
			<key>files</key>
			<array>
				<string>25E83E921BB5614B009BB57B</string>
				<string>25E83E8F1BB5614B009BB57B</string>
				<string>25E83E8D1BB5614B009BB57B</string>
			</array>
			<key>isa</key>
			<string>PBXResourcesBuildPhase</string>
			<key>runOnlyForDeploymentPostprocessing</key>
			<string>0</string>
		</dict>
		<key>25E83E7E1BB5614B009BB57B</key>
		<dict>
			<key>buildConfigurationList</key>
			<string>25E83EAC1BB5614B009BB57B</string>
			<key>buildPhases</key>
			<array>
				<string>67E57D0C8A825D3F72EC53F1</string>
				<string>25E83E7B1BB5614B009BB57B</string>
				<string>25E83E7C1BB5614B009BB57B</string>
				<string>25E83E7D1BB5614B009BB57B</string>
				<string>D6C2CACA0AF6A4626490AE66</string>
				<string>209E7F4DB85255A42C49F9AC</string>
			</array>
			<key>buildRules</key>
			<array/>
			<key>dependencies</key>
			<array/>
			<key>isa</key>
			<string>PBXNativeTarget</string>
			<key>name</key>
			<string>NBNetRequestDemo</string>
			<key>productName</key>
			<string>NBNetRequestDemo</string>
			<key>productReference</key>
			<string>25E83E7F1BB5614B009BB57B</string>
			<key>productType</key>
			<string>com.apple.product-type.application</string>
		</dict>
		<key>25E83E7F1BB5614B009BB57B</key>
		<dict>
			<key>explicitFileType</key>
			<string>wrapper.application</string>
			<key>includeInIndex</key>
			<string>0</string>
			<key>isa</key>
			<string>PBXFileReference</string>
			<key>path</key>
			<string>NBNetRequestDemo.app</string>
			<key>sourceTree</key>
			<string>BUILT_PRODUCTS_DIR</string>
		</dict>
		<key>25E83E801BB5614B009BB57B</key>
		<dict>
			<key>children</key>
			<array>
				<string>25E83E7F1BB5614B009BB57B</string>
				<string>25E83E981BB5614B009BB57B</string>
				<string>25E83EA31BB5614B009BB57B</string>
			</array>
			<key>isa</key>
			<string>PBXGroup</string>
			<key>name</key>
			<string>Products</string>
			<key>sourceTree</key>
			<string>&lt;group&gt;</string>
		</dict>
		<key>25E83E811BB5614B009BB57B</key>
		<dict>
			<key>children</key>
			<array>
				<string>25E83E851BB5614B009BB57B</string>
				<string>25E83E861BB5614B009BB57B</string>
				<string>25E83E881BB5614B009BB57B</string>
				<string>25E83E891BB5614B009BB57B</string>
				<string>259350FB1BC638F5004C18D7</string>
				<string>259350FC1BC638F5004C18D7</string>
				<string>25E1F2E31BB91B6D00EAB928</string>
				<string>25E1F2E41BB91B6D00EAB928</string>
				<string>25E1F2E61BB91E0800EAB928</string>
				<string>25E1F2E71BB91E0800EAB928</string>
				<string>25E83E8B1BB5614B009BB57B</string>
				<string>25E83E8E1BB5614B009BB57B</string>
				<string>25E83E901BB5614B009BB57B</string>
				<string>25E83E931BB5614B009BB57B</string>
				<string>25E83E821BB5614B009BB57B</string>
			</array>
			<key>isa</key>
			<string>PBXGroup</string>
			<key>path</key>
			<string>NBNetRequestDemo</string>
			<key>sourceTree</key>
			<string>&lt;group&gt;</string>
		</dict>
		<key>25E83E821BB5614B009BB57B</key>
		<dict>
			<key>children</key>
			<array>
				<string>25E83E831BB5614B009BB57B</string>
			</array>
			<key>isa</key>
			<string>PBXGroup</string>
			<key>name</key>
			<string>Supporting Files</string>
			<key>sourceTree</key>
			<string>&lt;group&gt;</string>
		</dict>
		<key>25E83E831BB5614B009BB57B</key>
		<dict>
			<key>isa</key>
			<string>PBXFileReference</string>
			<key>lastKnownFileType</key>
			<string>sourcecode.c.objc</string>
			<key>path</key>
			<string>main.m</string>
			<key>sourceTree</key>
			<string>&lt;group&gt;</string>
		</dict>
		<key>25E83E841BB5614B009BB57B</key>
		<dict>
			<key>fileRef</key>
			<string>25E83E831BB5614B009BB57B</string>
			<key>isa</key>
			<string>PBXBuildFile</string>
		</dict>
		<key>25E83E851BB5614B009BB57B</key>
		<dict>
			<key>isa</key>
			<string>PBXFileReference</string>
			<key>lastKnownFileType</key>
			<string>sourcecode.c.h</string>
			<key>path</key>
			<string>AppDelegate.h</string>
			<key>sourceTree</key>
			<string>&lt;group&gt;</string>
		</dict>
		<key>25E83E861BB5614B009BB57B</key>
		<dict>
			<key>isa</key>
			<string>PBXFileReference</string>
			<key>lastKnownFileType</key>
			<string>sourcecode.c.objc</string>
			<key>path</key>
			<string>AppDelegate.m</string>
			<key>sourceTree</key>
			<string>&lt;group&gt;</string>
		</dict>
		<key>25E83E871BB5614B009BB57B</key>
		<dict>
			<key>fileRef</key>
			<string>25E83E861BB5614B009BB57B</string>
			<key>isa</key>
			<string>PBXBuildFile</string>
		</dict>
		<key>25E83E881BB5614B009BB57B</key>
		<dict>
			<key>isa</key>
			<string>PBXFileReference</string>
			<key>lastKnownFileType</key>
			<string>sourcecode.c.h</string>
			<key>path</key>
			<string>ViewController.h</string>
			<key>sourceTree</key>
			<string>&lt;group&gt;</string>
		</dict>
		<key>25E83E891BB5614B009BB57B</key>
		<dict>
			<key>isa</key>
			<string>PBXFileReference</string>
			<key>lastKnownFileType</key>
			<string>sourcecode.c.objc</string>
			<key>path</key>
			<string>ViewController.m</string>
			<key>sourceTree</key>
			<string>&lt;group&gt;</string>
		</dict>
		<key>25E83E8A1BB5614B009BB57B</key>
		<dict>
			<key>fileRef</key>
			<string>25E83E891BB5614B009BB57B</string>
			<key>isa</key>
			<string>PBXBuildFile</string>
		</dict>
		<key>25E83E8B1BB5614B009BB57B</key>
		<dict>
			<key>children</key>
			<array>
				<string>25E83E8C1BB5614B009BB57B</string>
			</array>
			<key>isa</key>
			<string>PBXVariantGroup</string>
			<key>name</key>
			<string>Main.storyboard</string>
			<key>sourceTree</key>
			<string>&lt;group&gt;</string>
		</dict>
		<key>25E83E8C1BB5614B009BB57B</key>
		<dict>
			<key>isa</key>
			<string>PBXFileReference</string>
			<key>lastKnownFileType</key>
			<string>file.storyboard</string>
			<key>name</key>
			<string>Base</string>
			<key>path</key>
			<string>Base.lproj/Main.storyboard</string>
			<key>sourceTree</key>
			<string>&lt;group&gt;</string>
		</dict>
		<key>25E83E8D1BB5614B009BB57B</key>
		<dict>
			<key>fileRef</key>
			<string>25E83E8B1BB5614B009BB57B</string>
			<key>isa</key>
			<string>PBXBuildFile</string>
		</dict>
		<key>25E83E8E1BB5614B009BB57B</key>
		<dict>
			<key>isa</key>
			<string>PBXFileReference</string>
			<key>lastKnownFileType</key>
			<string>folder.assetcatalog</string>
			<key>path</key>
			<string>Assets.xcassets</string>
			<key>sourceTree</key>
			<string>&lt;group&gt;</string>
		</dict>
		<key>25E83E8F1BB5614B009BB57B</key>
		<dict>
			<key>fileRef</key>
			<string>25E83E8E1BB5614B009BB57B</string>
			<key>isa</key>
			<string>PBXBuildFile</string>
		</dict>
		<key>25E83E901BB5614B009BB57B</key>
		<dict>
			<key>children</key>
			<array>
				<string>25E83E911BB5614B009BB57B</string>
			</array>
			<key>isa</key>
			<string>PBXVariantGroup</string>
			<key>name</key>
			<string>LaunchScreen.storyboard</string>
			<key>sourceTree</key>
			<string>&lt;group&gt;</string>
		</dict>
		<key>25E83E911BB5614B009BB57B</key>
		<dict>
			<key>isa</key>
			<string>PBXFileReference</string>
			<key>lastKnownFileType</key>
			<string>file.storyboard</string>
			<key>name</key>
			<string>Base</string>
			<key>path</key>
			<string>Base.lproj/LaunchScreen.storyboard</string>
			<key>sourceTree</key>
			<string>&lt;group&gt;</string>
		</dict>
		<key>25E83E921BB5614B009BB57B</key>
		<dict>
			<key>fileRef</key>
			<string>25E83E901BB5614B009BB57B</string>
			<key>isa</key>
			<string>PBXBuildFile</string>
		</dict>
		<key>25E83E931BB5614B009BB57B</key>
		<dict>
			<key>isa</key>
			<string>PBXFileReference</string>
			<key>lastKnownFileType</key>
			<string>text.plist.xml</string>
			<key>path</key>
			<string>Info.plist</string>
			<key>sourceTree</key>
			<string>&lt;group&gt;</string>
		</dict>
		<key>25E83E941BB5614B009BB57B</key>
		<dict>
			<key>buildActionMask</key>
			<string>2147483647</string>
			<key>files</key>
			<array>
				<string>25E83E9D1BB5614B009BB57B</string>
			</array>
			<key>isa</key>
			<string>PBXSourcesBuildPhase</string>
			<key>runOnlyForDeploymentPostprocessing</key>
			<string>0</string>
		</dict>
		<key>25E83E951BB5614B009BB57B</key>
		<dict>
			<key>buildActionMask</key>
			<string>2147483647</string>
			<key>files</key>
			<array/>
			<key>isa</key>
			<string>PBXFrameworksBuildPhase</string>
			<key>runOnlyForDeploymentPostprocessing</key>
			<string>0</string>
		</dict>
		<key>25E83E961BB5614B009BB57B</key>
		<dict>
			<key>buildActionMask</key>
			<string>2147483647</string>
			<key>files</key>
			<array/>
			<key>isa</key>
			<string>PBXResourcesBuildPhase</string>
			<key>runOnlyForDeploymentPostprocessing</key>
			<string>0</string>
		</dict>
		<key>25E83E971BB5614B009BB57B</key>
		<dict>
			<key>buildConfigurationList</key>
			<string>25E83EAF1BB5614B009BB57B</string>
			<key>buildPhases</key>
			<array>
				<string>25E83E941BB5614B009BB57B</string>
				<string>25E83E951BB5614B009BB57B</string>
				<string>25E83E961BB5614B009BB57B</string>
			</array>
			<key>buildRules</key>
			<array/>
			<key>dependencies</key>
			<array>
				<string>25E83E9A1BB5614B009BB57B</string>
			</array>
			<key>isa</key>
			<string>PBXNativeTarget</string>
			<key>name</key>
			<string>NBNetRequestDemoTests</string>
			<key>productName</key>
			<string>NBNetRequestDemoTests</string>
			<key>productReference</key>
			<string>25E83E981BB5614B009BB57B</string>
			<key>productType</key>
			<string>com.apple.product-type.bundle.unit-test</string>
		</dict>
		<key>25E83E981BB5614B009BB57B</key>
		<dict>
			<key>explicitFileType</key>
			<string>wrapper.cfbundle</string>
			<key>includeInIndex</key>
			<string>0</string>
			<key>isa</key>
			<string>PBXFileReference</string>
			<key>path</key>
			<string>NBNetRequestDemoTests.xctest</string>
			<key>sourceTree</key>
			<string>BUILT_PRODUCTS_DIR</string>
		</dict>
		<key>25E83E991BB5614B009BB57B</key>
		<dict>
			<key>containerPortal</key>
			<string>25E83E771BB5614B009BB57B</string>
			<key>isa</key>
			<string>PBXContainerItemProxy</string>
			<key>proxyType</key>
			<string>1</string>
			<key>remoteGlobalIDString</key>
			<string>25E83E7E1BB5614B009BB57B</string>
			<key>remoteInfo</key>
			<string>NBNetRequestDemo</string>
		</dict>
		<key>25E83E9A1BB5614B009BB57B</key>
		<dict>
			<key>isa</key>
			<string>PBXTargetDependency</string>
			<key>target</key>
			<string>25E83E7E1BB5614B009BB57B</string>
			<key>targetProxy</key>
			<string>25E83E991BB5614B009BB57B</string>
		</dict>
		<key>25E83E9B1BB5614B009BB57B</key>
		<dict>
			<key>children</key>
			<array>
				<string>25E83E9C1BB5614B009BB57B</string>
				<string>25E83E9E1BB5614B009BB57B</string>
			</array>
			<key>isa</key>
			<string>PBXGroup</string>
			<key>path</key>
			<string>NBNetRequestDemoTests</string>
			<key>sourceTree</key>
			<string>&lt;group&gt;</string>
		</dict>
		<key>25E83E9C1BB5614B009BB57B</key>
		<dict>
			<key>isa</key>
			<string>PBXFileReference</string>
			<key>lastKnownFileType</key>
			<string>sourcecode.c.objc</string>
			<key>path</key>
			<string>NBNetRequestDemoTests.m</string>
			<key>sourceTree</key>
			<string>&lt;group&gt;</string>
		</dict>
		<key>25E83E9D1BB5614B009BB57B</key>
		<dict>
			<key>fileRef</key>
			<string>25E83E9C1BB5614B009BB57B</string>
			<key>isa</key>
			<string>PBXBuildFile</string>
		</dict>
		<key>25E83E9E1BB5614B009BB57B</key>
		<dict>
			<key>isa</key>
			<string>PBXFileReference</string>
			<key>lastKnownFileType</key>
			<string>text.plist.xml</string>
			<key>path</key>
			<string>Info.plist</string>
			<key>sourceTree</key>
			<string>&lt;group&gt;</string>
		</dict>
		<key>25E83E9F1BB5614B009BB57B</key>
		<dict>
			<key>buildActionMask</key>
			<string>2147483647</string>
			<key>files</key>
			<array>
				<string>25E83EA81BB5614B009BB57B</string>
			</array>
			<key>isa</key>
			<string>PBXSourcesBuildPhase</string>
			<key>runOnlyForDeploymentPostprocessing</key>
			<string>0</string>
		</dict>
		<key>25E83EA01BB5614B009BB57B</key>
		<dict>
			<key>buildActionMask</key>
			<string>2147483647</string>
			<key>files</key>
			<array/>
			<key>isa</key>
			<string>PBXFrameworksBuildPhase</string>
			<key>runOnlyForDeploymentPostprocessing</key>
			<string>0</string>
		</dict>
		<key>25E83EA11BB5614B009BB57B</key>
		<dict>
			<key>buildActionMask</key>
			<string>2147483647</string>
			<key>files</key>
			<array/>
			<key>isa</key>
			<string>PBXResourcesBuildPhase</string>
			<key>runOnlyForDeploymentPostprocessing</key>
			<string>0</string>
		</dict>
		<key>25E83EA21BB5614B009BB57B</key>
		<dict>
			<key>buildConfigurationList</key>
			<string>25E83EB21BB5614B009BB57B</string>
			<key>buildPhases</key>
			<array>
				<string>25E83E9F1BB5614B009BB57B</string>
				<string>25E83EA01BB5614B009BB57B</string>
				<string>25E83EA11BB5614B009BB57B</string>
			</array>
			<key>buildRules</key>
			<array/>
			<key>dependencies</key>
			<array>
				<string>25E83EA51BB5614B009BB57B</string>
			</array>
			<key>isa</key>
			<string>PBXNativeTarget</string>
			<key>name</key>
			<string>NBNetRequestDemoUITests</string>
			<key>productName</key>
			<string>NBNetRequestDemoUITests</string>
			<key>productReference</key>
			<string>25E83EA31BB5614B009BB57B</string>
			<key>productType</key>
			<string>com.apple.product-type.bundle.ui-testing</string>
		</dict>
		<key>25E83EA31BB5614B009BB57B</key>
		<dict>
			<key>explicitFileType</key>
			<string>wrapper.cfbundle</string>
			<key>includeInIndex</key>
			<string>0</string>
			<key>isa</key>
			<string>PBXFileReference</string>
			<key>path</key>
			<string>NBNetRequestDemoUITests.xctest</string>
			<key>sourceTree</key>
			<string>BUILT_PRODUCTS_DIR</string>
		</dict>
		<key>25E83EA41BB5614B009BB57B</key>
		<dict>
			<key>containerPortal</key>
			<string>25E83E771BB5614B009BB57B</string>
			<key>isa</key>
			<string>PBXContainerItemProxy</string>
			<key>proxyType</key>
			<string>1</string>
			<key>remoteGlobalIDString</key>
			<string>25E83E7E1BB5614B009BB57B</string>
			<key>remoteInfo</key>
			<string>NBNetRequestDemo</string>
		</dict>
		<key>25E83EA51BB5614B009BB57B</key>
		<dict>
			<key>isa</key>
			<string>PBXTargetDependency</string>
			<key>target</key>
			<string>25E83E7E1BB5614B009BB57B</string>
			<key>targetProxy</key>
			<string>25E83EA41BB5614B009BB57B</string>
		</dict>
		<key>25E83EA61BB5614B009BB57B</key>
		<dict>
			<key>children</key>
			<array>
				<string>25E83EA71BB5614B009BB57B</string>
				<string>25E83EA91BB5614B009BB57B</string>
			</array>
			<key>isa</key>
			<string>PBXGroup</string>
			<key>path</key>
			<string>NBNetRequestDemoUITests</string>
			<key>sourceTree</key>
			<string>&lt;group&gt;</string>
		</dict>
		<key>25E83EA71BB5614B009BB57B</key>
		<dict>
			<key>isa</key>
			<string>PBXFileReference</string>
			<key>lastKnownFileType</key>
			<string>sourcecode.c.objc</string>
			<key>path</key>
			<string>NBNetRequestDemoUITests.m</string>
			<key>sourceTree</key>
			<string>&lt;group&gt;</string>
		</dict>
		<key>25E83EA81BB5614B009BB57B</key>
		<dict>
			<key>fileRef</key>
			<string>25E83EA71BB5614B009BB57B</string>
			<key>isa</key>
			<string>PBXBuildFile</string>
		</dict>
		<key>25E83EA91BB5614B009BB57B</key>
		<dict>
			<key>isa</key>
			<string>PBXFileReference</string>
			<key>lastKnownFileType</key>
			<string>text.plist.xml</string>
			<key>path</key>
			<string>Info.plist</string>
			<key>sourceTree</key>
			<string>&lt;group&gt;</string>
		</dict>
		<key>25E83EAA1BB5614B009BB57B</key>
		<dict>
			<key>buildSettings</key>
			<dict>
				<key>ALWAYS_SEARCH_USER_PATHS</key>
				<string>NO</string>
				<key>CLANG_CXX_LANGUAGE_STANDARD</key>
				<string>gnu++0x</string>
				<key>CLANG_CXX_LIBRARY</key>
				<string>libc++</string>
				<key>CLANG_ENABLE_MODULES</key>
				<string>YES</string>
				<key>CLANG_ENABLE_OBJC_ARC</key>
				<string>YES</string>
				<key>CLANG_WARN_BOOL_CONVERSION</key>
				<string>YES</string>
				<key>CLANG_WARN_CONSTANT_CONVERSION</key>
				<string>YES</string>
				<key>CLANG_WARN_DIRECT_OBJC_ISA_USAGE</key>
				<string>YES_ERROR</string>
				<key>CLANG_WARN_EMPTY_BODY</key>
				<string>YES</string>
				<key>CLANG_WARN_ENUM_CONVERSION</key>
				<string>YES</string>
				<key>CLANG_WARN_INT_CONVERSION</key>
				<string>YES</string>
				<key>CLANG_WARN_OBJC_ROOT_CLASS</key>
				<string>YES_ERROR</string>
				<key>CLANG_WARN_UNREACHABLE_CODE</key>
				<string>YES</string>
				<key>CLANG_WARN__DUPLICATE_METHOD_MATCH</key>
				<string>YES</string>
				<key>CODE_SIGN_IDENTITY[sdk=iphoneos*]</key>
				<string>iPhone Developer</string>
				<key>COPY_PHASE_STRIP</key>
				<string>NO</string>
				<key>DEBUG_INFORMATION_FORMAT</key>
				<string>dwarf</string>
				<key>ENABLE_STRICT_OBJC_MSGSEND</key>
				<string>YES</string>
				<key>ENABLE_TESTABILITY</key>
				<string>YES</string>
				<key>GCC_C_LANGUAGE_STANDARD</key>
				<string>gnu99</string>
				<key>GCC_DYNAMIC_NO_PIC</key>
				<string>NO</string>
				<key>GCC_NO_COMMON_BLOCKS</key>
				<string>YES</string>
				<key>GCC_OPTIMIZATION_LEVEL</key>
				<string>0</string>
				<key>GCC_PREPROCESSOR_DEFINITIONS</key>
				<array>
					<string>DEBUG=1</string>
					<string>$(inherited)</string>
				</array>
				<key>GCC_WARN_64_TO_32_BIT_CONVERSION</key>
				<string>YES</string>
				<key>GCC_WARN_ABOUT_RETURN_TYPE</key>
				<string>YES_ERROR</string>
				<key>GCC_WARN_UNDECLARED_SELECTOR</key>
				<string>YES</string>
				<key>GCC_WARN_UNINITIALIZED_AUTOS</key>
				<string>YES_AGGRESSIVE</string>
				<key>GCC_WARN_UNUSED_FUNCTION</key>
				<string>YES</string>
				<key>GCC_WARN_UNUSED_VARIABLE</key>
				<string>YES</string>
				<key>IPHONEOS_DEPLOYMENT_TARGET</key>
				<string>9.0</string>
				<key>MTL_ENABLE_DEBUG_INFO</key>
				<string>YES</string>
				<key>ONLY_ACTIVE_ARCH</key>
				<string>YES</string>
				<key>SDKROOT</key>
				<string>iphoneos</string>
				<key>TARGETED_DEVICE_FAMILY</key>
				<string>1,2</string>
			</dict>
			<key>isa</key>
			<string>XCBuildConfiguration</string>
			<key>name</key>
			<string>Debug</string>
		</dict>
		<key>25E83EAB1BB5614B009BB57B</key>
		<dict>
			<key>buildSettings</key>
			<dict>
				<key>ALWAYS_SEARCH_USER_PATHS</key>
				<string>NO</string>
				<key>CLANG_CXX_LANGUAGE_STANDARD</key>
				<string>gnu++0x</string>
				<key>CLANG_CXX_LIBRARY</key>
				<string>libc++</string>
				<key>CLANG_ENABLE_MODULES</key>
				<string>YES</string>
				<key>CLANG_ENABLE_OBJC_ARC</key>
				<string>YES</string>
				<key>CLANG_WARN_BOOL_CONVERSION</key>
				<string>YES</string>
				<key>CLANG_WARN_CONSTANT_CONVERSION</key>
				<string>YES</string>
				<key>CLANG_WARN_DIRECT_OBJC_ISA_USAGE</key>
				<string>YES_ERROR</string>
				<key>CLANG_WARN_EMPTY_BODY</key>
				<string>YES</string>
				<key>CLANG_WARN_ENUM_CONVERSION</key>
				<string>YES</string>
				<key>CLANG_WARN_INT_CONVERSION</key>
				<string>YES</string>
				<key>CLANG_WARN_OBJC_ROOT_CLASS</key>
				<string>YES_ERROR</string>
				<key>CLANG_WARN_UNREACHABLE_CODE</key>
				<string>YES</string>
				<key>CLANG_WARN__DUPLICATE_METHOD_MATCH</key>
				<string>YES</string>
				<key>CODE_SIGN_IDENTITY[sdk=iphoneos*]</key>
				<string>iPhone Developer</string>
				<key>COPY_PHASE_STRIP</key>
				<string>NO</string>
				<key>DEBUG_INFORMATION_FORMAT</key>
				<string>dwarf-with-dsym</string>
				<key>ENABLE_NS_ASSERTIONS</key>
				<string>NO</string>
				<key>ENABLE_STRICT_OBJC_MSGSEND</key>
				<string>YES</string>
				<key>GCC_C_LANGUAGE_STANDARD</key>
				<string>gnu99</string>
				<key>GCC_NO_COMMON_BLOCKS</key>
				<string>YES</string>
				<key>GCC_WARN_64_TO_32_BIT_CONVERSION</key>
				<string>YES</string>
				<key>GCC_WARN_ABOUT_RETURN_TYPE</key>
				<string>YES_ERROR</string>
				<key>GCC_WARN_UNDECLARED_SELECTOR</key>
				<string>YES</string>
				<key>GCC_WARN_UNINITIALIZED_AUTOS</key>
				<string>YES_AGGRESSIVE</string>
				<key>GCC_WARN_UNUSED_FUNCTION</key>
				<string>YES</string>
				<key>GCC_WARN_UNUSED_VARIABLE</key>
				<string>YES</string>
				<key>IPHONEOS_DEPLOYMENT_TARGET</key>
				<string>9.0</string>
				<key>MTL_ENABLE_DEBUG_INFO</key>
				<string>NO</string>
				<key>SDKROOT</key>
				<string>iphoneos</string>
				<key>TARGETED_DEVICE_FAMILY</key>
				<string>1,2</string>
				<key>VALIDATE_PRODUCT</key>
				<string>YES</string>
			</dict>
			<key>isa</key>
			<string>XCBuildConfiguration</string>
			<key>name</key>
			<string>Release</string>
		</dict>
		<key>25E83EAC1BB5614B009BB57B</key>
		<dict>
			<key>buildConfigurations</key>
			<array>
				<string>25E83EAD1BB5614B009BB57B</string>
				<string>25E83EAE1BB5614B009BB57B</string>
			</array>
			<key>defaultConfigurationIsVisible</key>
			<string>0</string>
			<key>defaultConfigurationName</key>
			<string>Release</string>
			<key>isa</key>
			<string>XCConfigurationList</string>
		</dict>
		<key>25E83EAD1BB5614B009BB57B</key>
		<dict>
			<key>baseConfigurationReference</key>
			<string>995D649E942BD25FB5476C22</string>
			<key>buildSettings</key>
			<dict>
				<key>ASSETCATALOG_COMPILER_APPICON_NAME</key>
				<string>AppIcon</string>
				<key>INFOPLIST_FILE</key>
				<string>NBNetRequestDemo/Info.plist</string>
				<key>LD_RUNPATH_SEARCH_PATHS</key>
				<string>$(inherited) @executable_path/Frameworks</string>
				<key>PRODUCT_BUNDLE_IDENTIFIER</key>
				<string>com.NBNetRequestDemo</string>
				<key>PRODUCT_NAME</key>
				<string>$(TARGET_NAME)</string>
			</dict>
			<key>isa</key>
			<string>XCBuildConfiguration</string>
			<key>name</key>
			<string>Debug</string>
		</dict>
		<key>25E83EAE1BB5614B009BB57B</key>
		<dict>
			<key>baseConfigurationReference</key>
			<string>5FAC4E148D9BF190EF4E861D</string>
			<key>buildSettings</key>
			<dict>
				<key>ASSETCATALOG_COMPILER_APPICON_NAME</key>
				<string>AppIcon</string>
				<key>INFOPLIST_FILE</key>
				<string>NBNetRequestDemo/Info.plist</string>
				<key>LD_RUNPATH_SEARCH_PATHS</key>
				<string>$(inherited) @executable_path/Frameworks</string>
				<key>PRODUCT_BUNDLE_IDENTIFIER</key>
				<string>com.NBNetRequestDemo</string>
				<key>PRODUCT_NAME</key>
				<string>$(TARGET_NAME)</string>
			</dict>
			<key>isa</key>
			<string>XCBuildConfiguration</string>
			<key>name</key>
			<string>Release</string>
		</dict>
		<key>25E83EAF1BB5614B009BB57B</key>
		<dict>
			<key>buildConfigurations</key>
			<array>
				<string>25E83EB01BB5614B009BB57B</string>
				<string>25E83EB11BB5614B009BB57B</string>
			</array>
			<key>defaultConfigurationIsVisible</key>
			<string>0</string>
			<key>defaultConfigurationName</key>
			<string>Release</string>
			<key>isa</key>
			<string>XCConfigurationList</string>
		</dict>
		<key>25E83EB01BB5614B009BB57B</key>
		<dict>
			<key>buildSettings</key>
			<dict>
				<key>BUNDLE_LOADER</key>
				<string>$(TEST_HOST)</string>
				<key>INFOPLIST_FILE</key>
				<string>NBNetRequestDemoTests/Info.plist</string>
				<key>LD_RUNPATH_SEARCH_PATHS</key>
				<string>$(inherited) @executable_path/Frameworks @loader_path/Frameworks</string>
				<key>PRODUCT_BUNDLE_IDENTIFIER</key>
				<string>com.NBNetRequestDemoTests</string>
				<key>PRODUCT_NAME</key>
				<string>$(TARGET_NAME)</string>
				<key>TEST_HOST</key>
				<string>$(BUILT_PRODUCTS_DIR)/NBNetRequestDemo.app/NBNetRequestDemo</string>
			</dict>
			<key>isa</key>
			<string>XCBuildConfiguration</string>
			<key>name</key>
			<string>Debug</string>
		</dict>
		<key>25E83EB11BB5614B009BB57B</key>
		<dict>
			<key>buildSettings</key>
			<dict>
				<key>BUNDLE_LOADER</key>
				<string>$(TEST_HOST)</string>
				<key>INFOPLIST_FILE</key>
				<string>NBNetRequestDemoTests/Info.plist</string>
				<key>LD_RUNPATH_SEARCH_PATHS</key>
				<string>$(inherited) @executable_path/Frameworks @loader_path/Frameworks</string>
				<key>PRODUCT_BUNDLE_IDENTIFIER</key>
				<string>com.NBNetRequestDemoTests</string>
				<key>PRODUCT_NAME</key>
				<string>$(TARGET_NAME)</string>
				<key>TEST_HOST</key>
				<string>$(BUILT_PRODUCTS_DIR)/NBNetRequestDemo.app/NBNetRequestDemo</string>
			</dict>
			<key>isa</key>
			<string>XCBuildConfiguration</string>
			<key>name</key>
			<string>Release</string>
		</dict>
		<key>25E83EB21BB5614B009BB57B</key>
		<dict>
			<key>buildConfigurations</key>
			<array>
				<string>25E83EB31BB5614B009BB57B</string>
				<string>25E83EB41BB5614B009BB57B</string>
			</array>
			<key>defaultConfigurationIsVisible</key>
			<string>0</string>
			<key>defaultConfigurationName</key>
			<string>Release</string>
			<key>isa</key>
			<string>XCConfigurationList</string>
		</dict>
		<key>25E83EB31BB5614B009BB57B</key>
		<dict>
			<key>buildSettings</key>
			<dict>
				<key>INFOPLIST_FILE</key>
				<string>NBNetRequestDemoUITests/Info.plist</string>
				<key>LD_RUNPATH_SEARCH_PATHS</key>
				<string>$(inherited) @executable_path/Frameworks @loader_path/Frameworks</string>
				<key>PRODUCT_BUNDLE_IDENTIFIER</key>
				<string>com.NBNetRequestDemoUITests</string>
				<key>PRODUCT_NAME</key>
				<string>$(TARGET_NAME)</string>
				<key>TEST_TARGET_NAME</key>
				<string>NBNetRequestDemo</string>
				<key>USES_XCTRUNNER</key>
				<string>YES</string>
			</dict>
			<key>isa</key>
			<string>XCBuildConfiguration</string>
			<key>name</key>
			<string>Debug</string>
		</dict>
		<key>25E83EB41BB5614B009BB57B</key>
		<dict>
			<key>buildSettings</key>
			<dict>
				<key>INFOPLIST_FILE</key>
				<string>NBNetRequestDemoUITests/Info.plist</string>
				<key>LD_RUNPATH_SEARCH_PATHS</key>
				<string>$(inherited) @executable_path/Frameworks @loader_path/Frameworks</string>
				<key>PRODUCT_BUNDLE_IDENTIFIER</key>
				<string>com.NBNetRequestDemoUITests</string>
				<key>PRODUCT_NAME</key>
				<string>$(TARGET_NAME)</string>
				<key>TEST_TARGET_NAME</key>
				<string>NBNetRequestDemo</string>
				<key>USES_XCTRUNNER</key>
				<string>YES</string>
			</dict>
			<key>isa</key>
			<string>XCBuildConfiguration</string>
			<key>name</key>
			<string>Release</string>
		</dict>
		<key>25E83EB51BB56291009BB57B</key>
		<dict>
			<key>children</key>
			<array>
				<string>25E83EB61BB56291009BB57B</string>
				<string>25E83EB71BB56291009BB57B</string>
				<string>25E83EB81BB56291009BB57B</string>
				<string>25E83EB91BB56291009BB57B</string>
				<string>25E83EBA1BB56291009BB57B</string>
				<string>25E83EBB1BB56291009BB57B</string>
				<string>25E83EBC1BB56291009BB57B</string>
				<string>25E83EBD1BB56291009BB57B</string>
				<string>25E83EBE1BB56291009BB57B</string>
				<string>25E83EBF1BB56291009BB57B</string>
				<string>25E83EC21BB56291009BB57B</string>
				<string>25E83EC31BB56291009BB57B</string>
				<string>25E83EC41BB56291009BB57B</string>
				<string>25E83EC51BB56291009BB57B</string>
				<string>25E83EC61BB56291009BB57B</string>
				<string>25E83EC71BB56291009BB57B</string>
				<string>25E83EC81BB56291009BB57B</string>
				<string>25E83EC91BB56291009BB57B</string>
				<string>25CA3CE11CAFD63F0037C09D</string>
			</array>
			<key>isa</key>
			<string>PBXGroup</string>
			<key>name</key>
			<string>NBNetRequest</string>
			<key>path</key>
			<string>../NBNetRequest</string>
			<key>sourceTree</key>
			<string>&lt;group&gt;</string>
		</dict>
		<key>25E83EB61BB56291009BB57B</key>
		<dict>
			<key>fileEncoding</key>
			<string>4</string>
			<key>isa</key>
			<string>PBXFileReference</string>
			<key>lastKnownFileType</key>
			<string>sourcecode.c.h</string>
			<key>path</key>
			<string>NBBaseNetRequest.h</string>
			<key>sourceTree</key>
			<string>&lt;group&gt;</string>
		</dict>
		<key>25E83EB71BB56291009BB57B</key>
		<dict>
			<key>fileEncoding</key>
			<string>4</string>
			<key>isa</key>
			<string>PBXFileReference</string>
			<key>lastKnownFileType</key>
			<string>sourcecode.c.objc</string>
			<key>path</key>
			<string>NBBaseNetRequest.m</string>
			<key>sourceTree</key>
			<string>&lt;group&gt;</string>
		</dict>
		<key>25E83EB81BB56291009BB57B</key>
		<dict>
			<key>fileEncoding</key>
			<string>4</string>
			<key>isa</key>
			<string>PBXFileReference</string>
			<key>lastKnownFileType</key>
			<string>sourcecode.c.h</string>
			<key>path</key>
			<string>NBBatchNetRequest.h</string>
			<key>sourceTree</key>
			<string>&lt;group&gt;</string>
		</dict>
		<key>25E83EB91BB56291009BB57B</key>
		<dict>
			<key>fileEncoding</key>
			<string>4</string>
			<key>isa</key>
			<string>PBXFileReference</string>
			<key>lastKnownFileType</key>
			<string>sourcecode.c.objc</string>
			<key>path</key>
			<string>NBBatchNetRequest.m</string>
			<key>sourceTree</key>
			<string>&lt;group&gt;</string>
		</dict>
		<key>25E83EBA1BB56291009BB57B</key>
		<dict>
			<key>fileEncoding</key>
			<string>4</string>
			<key>isa</key>
			<string>PBXFileReference</string>
			<key>lastKnownFileType</key>
			<string>sourcecode.c.h</string>
			<key>path</key>
			<string>NBBatchNetRequestAgent.h</string>
			<key>sourceTree</key>
			<string>&lt;group&gt;</string>
		</dict>
		<key>25E83EBB1BB56291009BB57B</key>
		<dict>
			<key>fileEncoding</key>
			<string>4</string>
			<key>isa</key>
			<string>PBXFileReference</string>
			<key>lastKnownFileType</key>
			<string>sourcecode.c.objc</string>
			<key>path</key>
			<string>NBBatchNetRequestAgent.m</string>
			<key>sourceTree</key>
			<string>&lt;group&gt;</string>
		</dict>
		<key>25E83EBC1BB56291009BB57B</key>
		<dict>
			<key>fileEncoding</key>
			<string>4</string>
			<key>isa</key>
			<string>PBXFileReference</string>
			<key>lastKnownFileType</key>
			<string>sourcecode.c.h</string>
			<key>path</key>
			<string>NBChainNetRequest.h</string>
			<key>sourceTree</key>
			<string>&lt;group&gt;</string>
		</dict>
		<key>25E83EBD1BB56291009BB57B</key>
		<dict>
			<key>fileEncoding</key>
			<string>4</string>
			<key>isa</key>
			<string>PBXFileReference</string>
			<key>lastKnownFileType</key>
			<string>sourcecode.c.objc</string>
			<key>path</key>
			<string>NBChainNetRequest.m</string>
			<key>sourceTree</key>
			<string>&lt;group&gt;</string>
		</dict>
		<key>25E83EBE1BB56291009BB57B</key>
		<dict>
			<key>fileEncoding</key>
			<string>4</string>
			<key>isa</key>
			<string>PBXFileReference</string>
			<key>lastKnownFileType</key>
			<string>sourcecode.c.h</string>
			<key>path</key>
			<string>NBChainNetRequestAgent.h</string>
			<key>sourceTree</key>
			<string>&lt;group&gt;</string>
		</dict>
		<key>25E83EBF1BB56291009BB57B</key>
		<dict>
			<key>fileEncoding</key>
			<string>4</string>
			<key>isa</key>
			<string>PBXFileReference</string>
			<key>lastKnownFileType</key>
			<string>sourcecode.c.objc</string>
			<key>path</key>
			<string>NBChainNetRequestAgent.m</string>
			<key>sourceTree</key>
			<string>&lt;group&gt;</string>
		</dict>
		<key>25E83EC21BB56291009BB57B</key>
		<dict>
			<key>fileEncoding</key>
			<string>4</string>
			<key>isa</key>
			<string>PBXFileReference</string>
			<key>lastKnownFileType</key>
			<string>sourcecode.c.h</string>
			<key>path</key>
			<string>NBBaseNetRequestModel.h</string>
			<key>sourceTree</key>
			<string>&lt;group&gt;</string>
		</dict>
		<key>25E83EC31BB56291009BB57B</key>
		<dict>
			<key>fileEncoding</key>
			<string>4</string>
			<key>isa</key>
			<string>PBXFileReference</string>
			<key>lastKnownFileType</key>
			<string>sourcecode.c.objc</string>
			<key>path</key>
			<string>NBBaseNetRequestModel.m</string>
			<key>sourceTree</key>
			<string>&lt;group&gt;</string>
		</dict>
		<key>25E83EC41BB56291009BB57B</key>
		<dict>
			<key>fileEncoding</key>
			<string>4</string>
			<key>isa</key>
			<string>PBXFileReference</string>
			<key>lastKnownFileType</key>
			<string>sourcecode.c.h</string>
			<key>path</key>
			<string>NBNetworkAgent.h</string>
			<key>sourceTree</key>
			<string>&lt;group&gt;</string>
		</dict>
		<key>25E83EC51BB56291009BB57B</key>
		<dict>
			<key>fileEncoding</key>
			<string>4</string>
			<key>isa</key>
			<string>PBXFileReference</string>
			<key>lastKnownFileType</key>
			<string>sourcecode.c.objc</string>
			<key>path</key>
			<string>NBNetworkAgent.m</string>
			<key>sourceTree</key>
			<string>&lt;group&gt;</string>
		</dict>
		<key>25E83EC61BB56291009BB57B</key>
		<dict>
			<key>fileEncoding</key>
			<string>4</string>
			<key>isa</key>
			<string>PBXFileReference</string>
			<key>lastKnownFileType</key>
			<string>sourcecode.c.h</string>
			<key>path</key>
			<string>NBNetworkConfig.h</string>
			<key>sourceTree</key>
			<string>&lt;group&gt;</string>
		</dict>
		<key>25E83EC71BB56291009BB57B</key>
		<dict>
			<key>fileEncoding</key>
			<string>4</string>
			<key>isa</key>
			<string>PBXFileReference</string>
			<key>lastKnownFileType</key>
			<string>sourcecode.c.objc</string>
			<key>path</key>
			<string>NBNetworkConfig.m</string>
			<key>sourceTree</key>
			<string>&lt;group&gt;</string>
		</dict>
		<key>25E83EC81BB56291009BB57B</key>
		<dict>
			<key>fileEncoding</key>
			<string>4</string>
			<key>isa</key>
			<string>PBXFileReference</string>
			<key>lastKnownFileType</key>
			<string>sourcecode.c.h</string>
			<key>path</key>
			<string>NBNetworkPrivate.h</string>
			<key>sourceTree</key>
			<string>&lt;group&gt;</string>
		</dict>
		<key>25E83EC91BB56291009BB57B</key>
		<dict>
			<key>fileEncoding</key>
			<string>4</string>
			<key>isa</key>
			<string>PBXFileReference</string>
			<key>lastKnownFileType</key>
			<string>sourcecode.c.objc</string>
			<key>path</key>
			<string>NBNetworkPrivate.m</string>
			<key>sourceTree</key>
			<string>&lt;group&gt;</string>
		</dict>
		<key>25E83ECA1BB56291009BB57B</key>
		<dict>
			<key>fileRef</key>
			<string>25E83EB71BB56291009BB57B</string>
			<key>isa</key>
			<string>PBXBuildFile</string>
		</dict>
		<key>25E83ECB1BB56291009BB57B</key>
		<dict>
			<key>fileRef</key>
			<string>25E83EB91BB56291009BB57B</string>
			<key>isa</key>
			<string>PBXBuildFile</string>
		</dict>
		<key>25E83ECC1BB56291009BB57B</key>
		<dict>
			<key>fileRef</key>
			<string>25E83EBB1BB56291009BB57B</string>
			<key>isa</key>
			<string>PBXBuildFile</string>
		</dict>
		<key>25E83ECD1BB56291009BB57B</key>
		<dict>
			<key>fileRef</key>
			<string>25E83EBD1BB56291009BB57B</string>
			<key>isa</key>
			<string>PBXBuildFile</string>
		</dict>
		<key>25E83ECE1BB56291009BB57B</key>
		<dict>
			<key>fileRef</key>
			<string>25E83EBF1BB56291009BB57B</string>
			<key>isa</key>
			<string>PBXBuildFile</string>
		</dict>
		<key>25E83ED01BB56291009BB57B</key>
		<dict>
			<key>fileRef</key>
			<string>25E83EC31BB56291009BB57B</string>
			<key>isa</key>
			<string>PBXBuildFile</string>
		</dict>
		<key>25E83ED11BB56291009BB57B</key>
		<dict>
			<key>fileRef</key>
			<string>25E83EC51BB56291009BB57B</string>
			<key>isa</key>
			<string>PBXBuildFile</string>
		</dict>
		<key>25E83ED21BB56291009BB57B</key>
		<dict>
			<key>fileRef</key>
			<string>25E83EC71BB56291009BB57B</string>
			<key>isa</key>
			<string>PBXBuildFile</string>
		</dict>
		<key>25E83ED31BB56291009BB57B</key>
		<dict>
			<key>fileRef</key>
			<string>25E83EC91BB56291009BB57B</string>
			<key>isa</key>
			<string>PBXBuildFile</string>
		</dict>
		<key>3CC31B55CD08C532E95CFE9D</key>
		<dict>
			<key>explicitFileType</key>
			<string>archive.ar</string>
			<key>includeInIndex</key>
			<string>0</string>
			<key>isa</key>
			<string>PBXFileReference</string>
			<key>path</key>
			<string>libPods.a</string>
			<key>sourceTree</key>
			<string>BUILT_PRODUCTS_DIR</string>
		</dict>
		<key>3DF0DAF5737222E545503066</key>
		<dict>
			<key>fileRef</key>
			<string>3CC31B55CD08C532E95CFE9D</string>
			<key>isa</key>
			<string>PBXBuildFile</string>
		</dict>
		<key>5FAC4E148D9BF190EF4E861D</key>
		<dict>
			<key>includeInIndex</key>
			<string>1</string>
			<key>isa</key>
			<string>PBXFileReference</string>
			<key>lastKnownFileType</key>
			<string>text.xcconfig</string>
			<key>name</key>
			<string>Pods.release.xcconfig</string>
			<key>path</key>
			<string>Pods/Target Support Files/Pods/Pods.release.xcconfig</string>
			<key>sourceTree</key>
			<string>&lt;group&gt;</string>
		</dict>
		<key>67E57D0C8A825D3F72EC53F1</key>
		<dict>
			<key>buildActionMask</key>
			<string>2147483647</string>
			<key>files</key>
			<array/>
			<key>inputPaths</key>
			<array/>
			<key>isa</key>
			<string>PBXShellScriptBuildPhase</string>
			<key>name</key>
			<string>Check Pods Manifest.lock</string>
			<key>outputPaths</key>
			<array/>
			<key>runOnlyForDeploymentPostprocessing</key>
			<string>0</string>
			<key>shellPath</key>
			<string>/bin/sh</string>
			<key>shellScript</key>
			<string>diff "${PODS_ROOT}/../Podfile.lock" "${PODS_ROOT}/Manifest.lock" &gt; /dev/null
if [[ $? != 0 ]] ; then
    cat &lt;&lt; EOM
error: The sandbox is not in sync with the Podfile.lock. Run 'pod install' or update your CocoaPods installation.
EOM
    exit 1
fi
</string>
			<key>showEnvVarsInLog</key>
			<string>0</string>
		</dict>
		<key>995D649E942BD25FB5476C22</key>
		<dict>
			<key>includeInIndex</key>
			<string>1</string>
			<key>isa</key>
			<string>PBXFileReference</string>
			<key>lastKnownFileType</key>
			<string>text.xcconfig</string>
			<key>name</key>
			<string>Pods.debug.xcconfig</string>
			<key>path</key>
			<string>Pods/Target Support Files/Pods/Pods.debug.xcconfig</string>
			<key>sourceTree</key>
			<string>&lt;group&gt;</string>
		</dict>
		<key>D6C2CACA0AF6A4626490AE66</key>
		<dict>
			<key>buildActionMask</key>
			<string>2147483647</string>
			<key>files</key>
			<array/>
			<key>inputPaths</key>
			<array/>
			<key>isa</key>
			<string>PBXShellScriptBuildPhase</string>
			<key>name</key>
			<string>Copy Pods Resources</string>
			<key>outputPaths</key>
			<array/>
			<key>runOnlyForDeploymentPostprocessing</key>
			<string>0</string>
			<key>shellPath</key>
			<string>/bin/sh</string>
			<key>shellScript</key>
			<string>"${SRCROOT}/Pods/Target Support Files/Pods/Pods-resources.sh"
</string>
			<key>showEnvVarsInLog</key>
			<string>0</string>
		</dict>
		<key>EA03751472557A38D24ACC3F</key>
		<dict>
			<key>children</key>
			<array>
				<string>995D649E942BD25FB5476C22</string>
				<string>5FAC4E148D9BF190EF4E861D</string>
			</array>
			<key>isa</key>
			<string>PBXGroup</string>
			<key>name</key>
			<string>Pods</string>
			<key>sourceTree</key>
			<string>&lt;group&gt;</string>
		</dict>
	</dict>
	<key>rootObject</key>
	<string>25E83E771BB5614B009BB57B</string>
</dict>
</plist>
